// !$*UTF8*$!
{
	archiveVersion = 1;
	classes = {
	};
	objectVersion = 56;
	objects = {

/* Begin PBXBuildFile section */
		642AD8952A30AC04004FFE44 /* server_linq.c in Sources */ = {isa = PBXBuildFile; fileRef = 642AD8932A30AC04004FFE44 /* server_linq.c */; };
		642AD8962A30AC04004FFE44 /* linq.c in Sources */ = {isa = PBXBuildFile; fileRef = 642AD8942A30AC04004FFE44 /* linq.c */; };
/* End PBXBuildFile section */

/* Begin PBXCopyFilesBuildPhase section */
		642AD8782A30A8D3004FFE44 /* CopyFiles */ = {
			isa = PBXCopyFilesBuildPhase;
			buildActionMask = 2147483647;
			dstPath = /usr/share/man/man1/;
			dstSubfolderSpec = 0;
			files = (
			);
			runOnlyForDeploymentPostprocessing = 1;
		};
/* End PBXCopyFilesBuildPhase section */

/* Begin PBXFileReference section */
		642AD87A2A30A8D3004FFE44 /* Linq */ = {isa = PBXFileReference; explicitFileType = "compiled.mach-o.executable"; includeInIndex = 0; path = Linq; sourceTree = BUILT_PRODUCTS_DIR; };
		642AD88E2A30AC04004FFE44 /* old */ = {isa = PBXFileReference; lastKnownFileType = folder; name = old; path = src/old; sourceTree = "<group>"; };
		642AD88F2A30AC04004FFE44 /* connectbutton.png */ = {isa = PBXFileReference; lastKnownFileType = image.png; name = connectbutton.png; path = src/connectbutton.png; sourceTree = "<group>"; };
		642AD8902A30AC04004FFE44 /* linq */ = {isa = PBXFileReference; lastKnownFileType = file; name = linq; path = src/linq; sourceTree = "<group>"; };
		642AD8912A30AC04004FFE44 /* server_linq */ = {isa = PBXFileReference; lastKnownFileType = file; name = server_linq; path = src/server_linq; sourceTree = "<group>"; };
		642AD8922A30AC04004FFE44 /* cmd.sh */ = {isa = PBXFileReference; fileEncoding = 4; lastKnownFileType = text.script.sh; name = cmd.sh; path = src/cmd.sh; sourceTree = "<group>"; };
		642AD8932A30AC04004FFE44 /* server_linq.c */ = {isa = PBXFileReference; fileEncoding = 4; lastKnownFileType = sourcecode.c.c; name = server_linq.c; path = src/server_linq.c; sourceTree = "<group>"; };
		642AD8942A30AC04004FFE44 /* linq.c */ = {isa = PBXFileReference; fileEncoding = 4; lastKnownFileType = sourcecode.c.c; name = linq.c; path = src/linq.c; sourceTree = "<group>"; };
/* End PBXFileReference section */

/* Begin PBXFrameworksBuildPhase section */
		642AD8772A30A8D3004FFE44 /* Frameworks */ = {
			isa = PBXFrameworksBuildPhase;
			buildActionMask = 2147483647;
			files = (
			);
			runOnlyForDeploymentPostprocessing = 0;
		};
/* End PBXFrameworksBuildPhase section */

/* Begin PBXGroup section */
		642AD8712A30A8D3004FFE44 = {
			isa = PBXGroup;
			children = (
				642AD87C2A30A8D3004FFE44 /* Linq */,
				642AD87B2A30A8D3004FFE44 /* Products */,
			);
			sourceTree = "<group>";
		};
		642AD87B2A30A8D3004FFE44 /* Products */ = {
			isa = PBXGroup;
			children = (
				642AD87A2A30A8D3004FFE44 /* Linq */,
			);
			name = Products;
			sourceTree = "<group>";
		};
		642AD87C2A30A8D3004FFE44 /* Linq */ = {
			isa = PBXGroup;
			children = (
				642AD8922A30AC04004FFE44 /* cmd.sh */,
				642AD88F2A30AC04004FFE44 /* connectbutton.png */,
				642AD8902A30AC04004FFE44 /* linq */,
				642AD8942A30AC04004FFE44 /* linq.c */,
				642AD88E2A30AC04004FFE44 /* old */,
				642AD8912A30AC04004FFE44 /* server_linq */,
				642AD8932A30AC04004FFE44 /* server_linq.c */,
			);
			path = Linq;
			sourceTree = "<group>";
		};
/* End PBXGroup section */

/* Begin PBXNativeTarget section */
		642AD8792A30A8D3004FFE44 /* Linq */ = {
			isa = PBXNativeTarget;
			buildConfigurationList = 642AD8812A30A8D3004FFE44 /* Build configuration list for PBXNativeTarget "Linq" */;
			buildPhases = (
				642AD8762A30A8D3004FFE44 /* Sources */,
				642AD8772A30A8D3004FFE44 /* Frameworks */,
				642AD8782A30A8D3004FFE44 /* CopyFiles */,
			);
			buildRules = (
			);
			dependencies = (
			);
			name = Linq;
			productName = Linq;
			productReference = 642AD87A2A30A8D3004FFE44 /* Linq */;
			productType = "com.apple.product-type.tool";
		};
/* End PBXNativeTarget section */

/* Begin PBXProject section */
		642AD8722A30A8D3004FFE44 /* Project object */ = {
			isa = PBXProject;
			attributes = {
				BuildIndependentTargetsInParallel = 1;
				LastUpgradeCheck = 1430;
				TargetAttributes = {
					642AD8792A30A8D3004FFE44 = {
						CreatedOnToolsVersion = 14.3;
					};
				};
			};
			buildConfigurationList = 642AD8752A30A8D3004FFE44 /* Build configuration list for PBXProject "Linq" */;
			compatibilityVersion = "Xcode 14.0";
			developmentRegion = en;
			hasScannedForEncodings = 0;
			knownRegions = (
				en,
				Base,
			);
			mainGroup = 642AD8712A30A8D3004FFE44;
			productRefGroup = 642AD87B2A30A8D3004FFE44 /* Products */;
			projectDirPath = "";
			projectRoot = "";
			targets = (
				642AD8792A30A8D3004FFE44 /* Linq */,
			);
		};
/* End PBXProject section */

/* Begin PBXSourcesBuildPhase section */
		642AD8762A30A8D3004FFE44 /* Sources */ = {
			isa = PBXSourcesBuildPhase;
			buildActionMask = 2147483647;
			files = (
				642AD8952A30AC04004FFE44 /* server_linq.c in Sources */,
				642AD8962A30AC04004FFE44 /* linq.c in Sources */,
			);
			runOnlyForDeploymentPostprocessing = 0;
		};
/* End PBXSourcesBuildPhase section */

/* Begin XCBuildConfiguration section */
		642AD87F2A30A8D3004FFE44 /* Debug */ = {
			isa = XCBuildConfiguration;
			buildSettings = {
				ALWAYS_SEARCH_USER_PATHS = NO;
				CLANG_ANALYZER_NONNULL = YES;
				CLANG_ANALYZER_NUMBER_OBJECT_CONVERSION = YES_AGGRESSIVE;
				CLANG_CXX_LANGUAGE_STANDARD = "gnu++20";
				CLANG_ENABLE_MODULES = YES;
				CLANG_ENABLE_OBJC_ARC = YES;
				CLANG_ENABLE_OBJC_WEAK = YES;
				CLANG_WARN_BLOCK_CAPTURE_AUTORELEASING = YES;
				CLANG_WARN_BOOL_CONVERSION = YES;
				CLANG_WARN_COMMA = YES;
				CLANG_WARN_CONSTANT_CONVERSION = YES;
				CLANG_WARN_DEPRECATED_OBJC_IMPLEMENTATIONS = YES;
				CLANG_WARN_DIRECT_OBJC_ISA_USAGE = YES_ERROR;
				CLANG_WARN_DOCUMENTATION_COMMENTS = YES;
				CLANG_WARN_EMPTY_BODY = YES;
				CLANG_WARN_ENUM_CONVERSION = YES;
				CLANG_WARN_INFINITE_RECURSION = YES;
				CLANG_WARN_INT_CONVERSION = YES;
				CLANG_WARN_NON_LITERAL_NULL_CONVERSION = YES;
				CLANG_WARN_OBJC_IMPLICIT_RETAIN_SELF = YES;
				CLANG_WARN_OBJC_LITERAL_CONVERSION = YES;
				CLANG_WARN_OBJC_ROOT_CLASS = YES_ERROR;
				CLANG_WARN_QUOTED_INCLUDE_IN_FRAMEWORK_HEADER = YES;
				CLANG_WARN_RANGE_LOOP_ANALYSIS = YES;
				CLANG_WARN_STRICT_PROTOTYPES = YES;
				CLANG_WARN_SUSPICIOUS_MOVE = YES;
				CLANG_WARN_UNGUARDED_AVAILABILITY = YES_AGGRESSIVE;
				CLANG_WARN_UNREACHABLE_CODE = YES;
				CLANG_WARN__DUPLICATE_METHOD_MATCH = YES;
				COPY_PHASE_STRIP = NO;
				DEBUG_INFORMATION_FORMAT = dwarf;
				ENABLE_STRICT_OBJC_MSGSEND = YES;
				ENABLE_TESTABILITY = YES;
				GCC_C_LANGUAGE_STANDARD = gnu11;
				GCC_DYNAMIC_NO_PIC = NO;
				GCC_NO_COMMON_BLOCKS = YES;
				GCC_OPTIMIZATION_LEVEL = 0;
				GCC_PREPROCESSOR_DEFINITIONS = (
					"DEBUG=1",
					"$(inherited)",
				);
				GCC_WARN_64_TO_32_BIT_CONVERSION = YES;
				GCC_WARN_ABOUT_RETURN_TYPE = YES_ERROR;
				GCC_WARN_UNDECLARED_SELECTOR = YES;
				GCC_WARN_UNINITIALIZED_AUTOS = YES_AGGRESSIVE;
				GCC_WARN_UNUSED_FUNCTION = YES;
				GCC_WARN_UNUSED_VARIABLE = YES;
				MACOSX_DEPLOYMENT_TARGET = 13.3;
				MTL_ENABLE_DEBUG_INFO = INCLUDE_SOURCE;
				MTL_FAST_MATH = YES;
				ONLY_ACTIVE_ARCH = YES;
				SDKROOT = macosx;
			};
			name = Debug;
		};
		642AD8802A30A8D3004FFE44 /* Release */ = {
			isa = XCBuildConfiguration;
			buildSettings = {
				ALWAYS_SEARCH_USER_PATHS = NO;
				CLANG_ANALYZER_NONNULL = YES;
				CLANG_ANALYZER_NUMBER_OBJECT_CONVERSION = YES_AGGRESSIVE;
				CLANG_CXX_LANGUAGE_STANDARD = "gnu++20";
				CLANG_ENABLE_MODULES = YES;
				CLANG_ENABLE_OBJC_ARC = YES;
				CLANG_ENABLE_OBJC_WEAK = YES;
				CLANG_WARN_BLOCK_CAPTURE_AUTORELEASING = YES;
				CLANG_WARN_BOOL_CONVERSION = YES;
				CLANG_WARN_COMMA = YES;
				CLANG_WARN_CONSTANT_CONVERSION = YES;
				CLANG_WARN_DEPRECATED_OBJC_IMPLEMENTATIONS = YES;
				CLANG_WARN_DIRECT_OBJC_ISA_USAGE = YES_ERROR;
				CLANG_WARN_DOCUMENTATION_COMMENTS = YES;
				CLANG_WARN_EMPTY_BODY = YES;
				CLANG_WARN_ENUM_CONVERSION = YES;
				CLANG_WARN_INFINITE_RECURSION = YES;
				CLANG_WARN_INT_CONVERSION = YES;
				CLANG_WARN_NON_LITERAL_NULL_CONVERSION = YES;
				CLANG_WARN_OBJC_IMPLICIT_RETAIN_SELF = YES;
				CLANG_WARN_OBJC_LITERAL_CONVERSION = YES;
				CLANG_WARN_OBJC_ROOT_CLASS = YES_ERROR;
				CLANG_WARN_QUOTED_INCLUDE_IN_FRAMEWORK_HEADER = YES;
				CLANG_WARN_RANGE_LOOP_ANALYSIS = YES;
				CLANG_WARN_STRICT_PROTOTYPES = YES;
				CLANG_WARN_SUSPICIOUS_MOVE = YES;
				CLANG_WARN_UNGUARDED_AVAILABILITY = YES_AGGRESSIVE;
				CLANG_WARN_UNREACHABLE_CODE = YES;
				CLANG_WARN__DUPLICATE_METHOD_MATCH = YES;
				COPY_PHASE_STRIP = NO;
				DEBUG_INFORMATION_FORMAT = "dwarf-with-dsym";
				ENABLE_NS_ASSERTIONS = NO;
				ENABLE_STRICT_OBJC_MSGSEND = YES;
				GCC_C_LANGUAGE_STANDARD = gnu11;
				GCC_NO_COMMON_BLOCKS = YES;
				GCC_WARN_64_TO_32_BIT_CONVERSION = YES;
				GCC_WARN_ABOUT_RETURN_TYPE = YES_ERROR;
				GCC_WARN_UNDECLARED_SELECTOR = YES;
				GCC_WARN_UNINITIALIZED_AUTOS = YES_AGGRESSIVE;
				GCC_WARN_UNUSED_FUNCTION = YES;
				GCC_WARN_UNUSED_VARIABLE = YES;
				MACOSX_DEPLOYMENT_TARGET = 13.3;
				MTL_ENABLE_DEBUG_INFO = NO;
				MTL_FAST_MATH = YES;
				SDKROOT = macosx;
			};
			name = Release;
		};
		642AD8822A30A8D3004FFE44 /* Debug */ = {
			isa = XCBuildConfiguration;
			buildSettings = {
				CODE_SIGN_STYLE = Automatic;
				PRODUCT_NAME = "$(TARGET_NAME)";
			};
			name = Debug;
		};
		642AD8832A30A8D3004FFE44 /* Release */ = {
			isa = XCBuildConfiguration;
			buildSettings = {
				CODE_SIGN_STYLE = Automatic;
				PRODUCT_NAME = "$(TARGET_NAME)";
			};
			name = Release;
		};
/* End XCBuildConfiguration section */

/* Begin XCConfigurationList section */
		642AD8752A30A8D3004FFE44 /* Build configuration list for PBXProject "Linq" */ = {
			isa = XCConfigurationList;
			buildConfigurations = (
				642AD87F2A30A8D3004FFE44 /* Debug */,
				642AD8802A30A8D3004FFE44 /* Release */,
			);
			defaultConfigurationIsVisible = 0;
			defaultConfigurationName = Release;
		};
		642AD8812A30A8D3004FFE44 /* Build configuration list for PBXNativeTarget "Linq" */ = {
			isa = XCConfigurationList;
			buildConfigurations = (
				642AD8822A30A8D3004FFE44 /* Debug */,
				642AD8832A30A8D3004FFE44 /* Release */,
			);
			defaultConfigurationIsVisible = 0;
			defaultConfigurationName = Release;
		};
/* End XCConfigurationList section */
	};
	rootObject = 642AD8722A30A8D3004FFE44 /* Project object */;
}
